
Microsoft Visual Studio Solution File, Format Version 11.00
# Visual Studio 2010
Project("{FAE04EC0-301F-11D3-BF4B-00C04F79EFBC}") = "FluentJdf", "src\FluentJdf\FluentJdf.csproj", "{B70C889D-3B60-469D-8475-23818353771C}"
EndProject
Project("{2150E333-8FDC-42A3-9474-1A3956D46DE8}") = "Solution Items", "Solution Items", "{FA105616-C5B0-4D3B-BA17-DB686117D4C7}"
	ProjectSection(SolutionItems) = preProject
		Jwf.proj = Jwf.proj
	EndProjectSection
EndProject
Project("{FAE04EC0-301F-11D3-BF4B-00C04F79EFBC}") = "Jwf.Server", "src\Jwf.Server\Jwf.Server.csproj", "{93DCAB4B-C97E-4903-9616-02697A59BFB1}"
EndProject
Project("{FAE04EC0-301F-11D3-BF4B-00C04F79EFBC}") = "Jwf.Host", "src\Jwf.Host\Jwf.Host.csproj", "{185BF0C7-14F5-45A3-B2AA-22898CAB03DD}"
EndProject
Project("{2150E333-8FDC-42A3-9474-1A3956D46DE8}") = "Tests", "Tests", "{6CAB9D69-9717-42E1-B7E6-A7EBE2F66D2C}"
EndProject
Project("{FAE04EC0-301F-11D3-BF4B-00C04F79EFBC}") = "FluentJdf.Tests", "src\Tests\FluentJdf.Tests\FluentJdf.Tests.csproj", "{AB646A3D-481D-4776-A0D2-EA9FAC30954B}"
EndProject
Project("{FAE04EC0-301F-11D3-BF4B-00C04F79EFBC}") = "FluentJdf.Visualizer", "src\FluentJdf.Visualizer\FluentJdf.Visualizer.csproj", "{E2DC820D-1875-4F06-A9D0-D0FC0AA67A65}"
EndProject
Project("{2150E333-8FDC-42A3-9474-1A3956D46DE8}") = "Infrastructure", "Infrastructure", "{C3FB8DCA-21EA-4ED0-91EC-035A75E6A6EB}"
EndProject
Project("{2150E333-8FDC-42A3-9474-1A3956D46DE8}") = "Tests", "Tests", "{D6C351FB-B6C8-489B-A293-0AFA7974A0B7}"
EndProject
Project("{FAE04EC0-301F-11D3-BF4B-00C04F79EFBC}") = "Infrastructure.Core", "src\Infrastructure\Infrastructure.Core\Infrastructure.Core.csproj", "{941D0CE6-D735-47AD-8521-7171BCB2833A}"
EndProject
Project("{FAE04EC0-301F-11D3-BF4B-00C04F79EFBC}") = "Infrastructure.Container.CastleWindsor", "src\Infrastructure\Infrastructure.Container.CastleWindsor\Infrastructure.Container.CastleWindsor.csproj", "{EB209128-D5EE-4437-A54E-5B2E5C6BDAFC}"
EndProject
Project("{FAE04EC0-301F-11D3-BF4B-00C04F79EFBC}") = "Infrastructure.Logging.Log4Net", "src\Infrastructure\Infrastructure.Logging.Log4Net\Infrastructure.Logging.Log4Net.csproj", "{689CE7FE-36A7-4910-A646-C0033C78787E}"
EndProject
Project("{FAE04EC0-301F-11D3-BF4B-00C04F79EFBC}") = "Infrastructure.Logging.NLog", "src\Infrastructure\Infrastructure.Logging.NLog\Infrastructure.Logging.NLog.csproj", "{E1A4F08F-33A0-4CCB-8098-8C0E9856CF86}"
EndProject
Project("{FAE04EC0-301F-11D3-BF4B-00C04F79EFBC}") = "Infrastructure.Core.Tests", "src\Infrastructure\Tests\Infrastructure.Core.Tests\Infrastructure.Core.Tests.csproj", "{75D2D0BA-49D3-4616-B21F-5A7CFA907125}"
EndProject
Project("{FAE04EC0-301F-11D3-BF4B-00C04F79EFBC}") = "Infrastructure.Container.CastleWindsor.Tests", "src\Infrastructure\Tests\Infrastructure.Container.CastleWindsor.Tests\Infrastructure.Container.CastleWindsor.Tests.csproj", "{F103BB27-2A67-4384-89CA-D4654601385A}"
EndProject
Global
	GlobalSection(SolutionConfigurationPlatforms) = preSolution
		Debug|Any CPU = Debug|Any CPU
		Debug|Mixed Platforms = Debug|Mixed Platforms
		Debug|x86 = Debug|x86
		Release|Any CPU = Release|Any CPU
		Release|Mixed Platforms = Release|Mixed Platforms
		Release|x86 = Release|x86
	EndGlobalSection
	GlobalSection(ProjectConfigurationPlatforms) = postSolution
		{B70C889D-3B60-469D-8475-23818353771C}.Debug|Any CPU.ActiveCfg = Debug|Any CPU
		{B70C889D-3B60-469D-8475-23818353771C}.Debug|Any CPU.Build.0 = Debug|Any CPU
		{B70C889D-3B60-469D-8475-23818353771C}.Debug|Mixed Platforms.ActiveCfg = Debug|Any CPU
		{B70C889D-3B60-469D-8475-23818353771C}.Debug|Mixed Platforms.Build.0 = Debug|Any CPU
		{B70C889D-3B60-469D-8475-23818353771C}.Debug|x86.ActiveCfg = Debug|Any CPU
		{B70C889D-3B60-469D-8475-23818353771C}.Release|Any CPU.ActiveCfg = Release|Any CPU
		{B70C889D-3B60-469D-8475-23818353771C}.Release|Any CPU.Build.0 = Release|Any CPU
		{B70C889D-3B60-469D-8475-23818353771C}.Release|Mixed Platforms.ActiveCfg = Release|Any CPU
		{B70C889D-3B60-469D-8475-23818353771C}.Release|Mixed Platforms.Build.0 = Release|Any CPU
		{B70C889D-3B60-469D-8475-23818353771C}.Release|x86.ActiveCfg = Release|Any CPU
		{93DCAB4B-C97E-4903-9616-02697A59BFB1}.Debug|Any CPU.ActiveCfg = Debug|Any CPU
		{93DCAB4B-C97E-4903-9616-02697A59BFB1}.Debug|Any CPU.Build.0 = Debug|Any CPU
		{93DCAB4B-C97E-4903-9616-02697A59BFB1}.Debug|Mixed Platforms.ActiveCfg = Debug|Any CPU
		{93DCAB4B-C97E-4903-9616-02697A59BFB1}.Debug|Mixed Platforms.Build.0 = Debug|Any CPU
		{93DCAB4B-C97E-4903-9616-02697A59BFB1}.Debug|x86.ActiveCfg = Debug|Any CPU
		{93DCAB4B-C97E-4903-9616-02697A59BFB1}.Release|Any CPU.ActiveCfg = Release|Any CPU
		{93DCAB4B-C97E-4903-9616-02697A59BFB1}.Release|Any CPU.Build.0 = Release|Any CPU
		{93DCAB4B-C97E-4903-9616-02697A59BFB1}.Release|Mixed Platforms.ActiveCfg = Release|Any CPU
		{93DCAB4B-C97E-4903-9616-02697A59BFB1}.Release|Mixed Platforms.Build.0 = Release|Any CPU
		{93DCAB4B-C97E-4903-9616-02697A59BFB1}.Release|x86.ActiveCfg = Release|Any CPU
		{185BF0C7-14F5-45A3-B2AA-22898CAB03DD}.Debug|Any CPU.ActiveCfg = Debug|x86
		{185BF0C7-14F5-45A3-B2AA-22898CAB03DD}.Debug|Mixed Platforms.ActiveCfg = Debug|x86
		{185BF0C7-14F5-45A3-B2AA-22898CAB03DD}.Debug|Mixed Platforms.Build.0 = Debug|x86
		{185BF0C7-14F5-45A3-B2AA-22898CAB03DD}.Debug|x86.ActiveCfg = Debug|x86
		{185BF0C7-14F5-45A3-B2AA-22898CAB03DD}.Debug|x86.Build.0 = Debug|x86
		{185BF0C7-14F5-45A3-B2AA-22898CAB03DD}.Release|Any CPU.ActiveCfg = Release|x86
		{185BF0C7-14F5-45A3-B2AA-22898CAB03DD}.Release|Mixed Platforms.ActiveCfg = Release|x86
		{185BF0C7-14F5-45A3-B2AA-22898CAB03DD}.Release|Mixed Platforms.Build.0 = Release|x86
		{185BF0C7-14F5-45A3-B2AA-22898CAB03DD}.Release|x86.ActiveCfg = Release|x86
		{185BF0C7-14F5-45A3-B2AA-22898CAB03DD}.Release|x86.Build.0 = Release|x86
		{AB646A3D-481D-4776-A0D2-EA9FAC30954B}.Debug|Any CPU.ActiveCfg = Debug|Any CPU
		{AB646A3D-481D-4776-A0D2-EA9FAC30954B}.Debug|Any CPU.Build.0 = Debug|Any CPU
		{AB646A3D-481D-4776-A0D2-EA9FAC30954B}.Debug|Mixed Platforms.ActiveCfg = Debug|Any CPU
		{AB646A3D-481D-4776-A0D2-EA9FAC30954B}.Debug|Mixed Platforms.Build.0 = Debug|Any CPU
		{AB646A3D-481D-4776-A0D2-EA9FAC30954B}.Debug|x86.ActiveCfg = Debug|Any CPU
		{AB646A3D-481D-4776-A0D2-EA9FAC30954B}.Release|Any CPU.ActiveCfg = Release|Any CPU
		{AB646A3D-481D-4776-A0D2-EA9FAC30954B}.Release|Any CPU.Build.0 = Release|Any CPU
		{AB646A3D-481D-4776-A0D2-EA9FAC30954B}.Release|Mixed Platforms.ActiveCfg = Release|Any CPU
		{AB646A3D-481D-4776-A0D2-EA9FAC30954B}.Release|Mixed Platforms.Build.0 = Release|Any CPU
		{AB646A3D-481D-4776-A0D2-EA9FAC30954B}.Release|x86.ActiveCfg = Release|Any CPU
		{E2DC820D-1875-4F06-A9D0-D0FC0AA67A65}.Debug|Any CPU.ActiveCfg = Debug|x86
		{E2DC820D-1875-4F06-A9D0-D0FC0AA67A65}.Debug|Mixed Platforms.ActiveCfg = Debug|x86
		{E2DC820D-1875-4F06-A9D0-D0FC0AA67A65}.Debug|Mixed Platforms.Build.0 = Debug|x86
		{E2DC820D-1875-4F06-A9D0-D0FC0AA67A65}.Debug|x86.ActiveCfg = Debug|x86
		{E2DC820D-1875-4F06-A9D0-D0FC0AA67A65}.Debug|x86.Build.0 = Debug|x86
		{E2DC820D-1875-4F06-A9D0-D0FC0AA67A65}.Release|Any CPU.ActiveCfg = Release|x86
		{E2DC820D-1875-4F06-A9D0-D0FC0AA67A65}.Release|Mixed Platforms.ActiveCfg = Release|x86
		{E2DC820D-1875-4F06-A9D0-D0FC0AA67A65}.Release|Mixed Platforms.Build.0 = Release|x86
		{E2DC820D-1875-4F06-A9D0-D0FC0AA67A65}.Release|x86.ActiveCfg = Release|x86
		{E2DC820D-1875-4F06-A9D0-D0FC0AA67A65}.Release|x86.Build.0 = Release|x86
		{941D0CE6-D735-47AD-8521-7171BCB2833A}.Debug|Any CPU.ActiveCfg = Debug|Any CPU
		{941D0CE6-D735-47AD-8521-7171BCB2833A}.Debug|Any CPU.Build.0 = Debug|Any CPU
		{941D0CE6-D735-47AD-8521-7171BCB2833A}.Debug|Mixed Platforms.ActiveCfg = Debug|Any CPU
		{941D0CE6-D735-47AD-8521-7171BCB2833A}.Debug|Mixed Platforms.Build.0 = Debug|Any CPU
		{941D0CE6-D735-47AD-8521-7171BCB2833A}.Debug|x86.ActiveCfg = Debug|Any CPU
		{941D0CE6-D735-47AD-8521-7171BCB2833A}.Release|Any CPU.ActiveCfg = Release|Any CPU
		{941D0CE6-D735-47AD-8521-7171BCB2833A}.Release|Any CPU.Build.0 = Release|Any CPU
		{941D0CE6-D735-47AD-8521-7171BCB2833A}.Release|Mixed Platforms.ActiveCfg = Release|Any CPU
		{941D0CE6-D735-47AD-8521-7171BCB2833A}.Release|Mixed Platforms.Build.0 = Release|Any CPU
		{941D0CE6-D735-47AD-8521-7171BCB2833A}.Release|x86.ActiveCfg = Release|Any CPU
		{EB209128-D5EE-4437-A54E-5B2E5C6BDAFC}.Debug|Any CPU.ActiveCfg = Debug|Any CPU
		{EB209128-D5EE-4437-A54E-5B2E5C6BDAFC}.Debug|Any CPU.Build.0 = Debug|Any CPU
		{EB209128-D5EE-4437-A54E-5B2E5C6BDAFC}.Debug|Mixed Platforms.ActiveCfg = Debug|Any CPU
		{EB209128-D5EE-4437-A54E-5B2E5C6BDAFC}.Debug|Mixed Platforms.Build.0 = Debug|Any CPU
		{EB209128-D5EE-4437-A54E-5B2E5C6BDAFC}.Debug|x86.ActiveCfg = Debug|Any CPU
		{EB209128-D5EE-4437-A54E-5B2E5C6BDAFC}.Release|Any CPU.ActiveCfg = Release|Any CPU
		{EB209128-D5EE-4437-A54E-5B2E5C6BDAFC}.Release|Any CPU.Build.0 = Release|Any CPU
		{EB209128-D5EE-4437-A54E-5B2E5C6BDAFC}.Release|Mixed Platforms.ActiveCfg = Release|Any CPU
		{EB209128-D5EE-4437-A54E-5B2E5C6BDAFC}.Release|Mixed Platforms.Build.0 = Release|Any CPU
		{EB209128-D5EE-4437-A54E-5B2E5C6BDAFC}.Release|x86.ActiveCfg = Release|Any CPU
		{689CE7FE-36A7-4910-A646-C0033C78787E}.Debug|Any CPU.ActiveCfg = Debug|Any CPU
		{689CE7FE-36A7-4910-A646-C0033C78787E}.Debug|Any CPU.Build.0 = Debug|Any CPU
		{689CE7FE-36A7-4910-A646-C0033C78787E}.Debug|Mixed Platforms.ActiveCfg = Debug|Any CPU
		{689CE7FE-36A7-4910-A646-C0033C78787E}.Debug|Mixed Platforms.Build.0 = Debug|Any CPU
		{689CE7FE-36A7-4910-A646-C0033C78787E}.Debug|x86.ActiveCfg = Debug|Any CPU
		{689CE7FE-36A7-4910-A646-C0033C78787E}.Release|Any CPU.ActiveCfg = Release|Any CPU
		{689CE7FE-36A7-4910-A646-C0033C78787E}.Release|Any CPU.Build.0 = Release|Any CPU
		{689CE7FE-36A7-4910-A646-C0033C78787E}.Release|Mixed Platforms.ActiveCfg = Release|Any CPU
		{689CE7FE-36A7-4910-A646-C0033C78787E}.Release|Mixed Platforms.Build.0 = Release|Any CPU
		{689CE7FE-36A7-4910-A646-C0033C78787E}.Release|x86.ActiveCfg = Release|Any CPU
		{E1A4F08F-33A0-4CCB-8098-8C0E9856CF86}.Debug|Any CPU.ActiveCfg = Debug|Any CPU
		{E1A4F08F-33A0-4CCB-8098-8C0E9856CF86}.Debug|Any CPU.Build.0 = Debug|Any CPU
		{E1A4F08F-33A0-4CCB-8098-8C0E9856CF86}.Debug|Mixed Platforms.ActiveCfg = Debug|Any CPU
		{E1A4F08F-33A0-4CCB-8098-8C0E9856CF86}.Debug|Mixed Platforms.Build.0 = Debug|Any CPU
		{E1A4F08F-33A0-4CCB-8098-8C0E9856CF86}.Debug|x86.ActiveCfg = Debug|Any CPU
		{E1A4F08F-33A0-4CCB-8098-8C0E9856CF86}.Release|Any CPU.ActiveCfg = Release|Any CPU
		{E1A4F08F-33A0-4CCB-8098-8C0E9856CF86}.Release|Any CPU.Build.0 = Release|Any CPU
		{E1A4F08F-33A0-4CCB-8098-8C0E9856CF86}.Release|Mixed Platforms.ActiveCfg = Release|Any CPU
		{E1A4F08F-33A0-4CCB-8098-8C0E9856CF86}.Release|Mixed Platforms.Build.0 = Release|Any CPU
		{E1A4F08F-33A0-4CCB-8098-8C0E9856CF86}.Release|x86.ActiveCfg = Release|Any CPU
		{75D2D0BA-49D3-4616-B21F-5A7CFA907125}.Debug|Any CPU.ActiveCfg = Debug|Any CPU
		{75D2D0BA-49D3-4616-B21F-5A7CFA907125}.Debug|Any CPU.Build.0 = Debug|Any CPU
		{75D2D0BA-49D3-4616-B21F-5A7CFA907125}.Debug|Mixed Platforms.ActiveCfg = Debug|Any CPU
		{75D2D0BA-49D3-4616-B21F-5A7CFA907125}.Debug|Mixed Platforms.Build.0 = Debug|Any CPU
		{75D2D0BA-49D3-4616-B21F-5A7CFA907125}.Debug|x86.ActiveCfg = Debug|Any CPU
		{75D2D0BA-49D3-4616-B21F-5A7CFA907125}.Release|Any CPU.ActiveCfg = Release|Any CPU
		{75D2D0BA-49D3-4616-B21F-5A7CFA907125}.Release|Any CPU.Build.0 = Release|Any CPU
		{75D2D0BA-49D3-4616-B21F-5A7CFA907125}.Release|Mixed Platforms.ActiveCfg = Release|Any CPU
		{75D2D0BA-49D3-4616-B21F-5A7CFA907125}.Release|Mixed Platforms.Build.0 = Release|Any CPU
		{75D2D0BA-49D3-4616-B21F-5A7CFA907125}.Release|x86.ActiveCfg = Release|Any CPU
		{F103BB27-2A67-4384-89CA-D4654601385A}.Debug|Any CPU.ActiveCfg = Debug|Any CPU
		{F103BB27-2A67-4384-89CA-D4654601385A}.Debug|Any CPU.Build.0 = Debug|Any CPU
		{F103BB27-2A67-4384-89CA-D4654601385A}.Debug|Mixed Platforms.ActiveCfg = Debug|Any CPU
		{F103BB27-2A67-4384-89CA-D4654601385A}.Debug|Mixed Platforms.Build.0 = Debug|Any CPU
		{F103BB27-2A67-4384-89CA-D4654601385A}.Debug|x86.ActiveCfg = Debug|Any CPU
		{F103BB27-2A67-4384-89CA-D4654601385A}.Release|Any CPU.ActiveCfg = Release|Any CPU
		{F103BB27-2A67-4384-89CA-D4654601385A}.Release|Any CPU.Build.0 = Release|Any CPU
		{F103BB27-2A67-4384-89CA-D4654601385A}.Release|Mixed Platforms.ActiveCfg = Release|Any CPU
		{F103BB27-2A67-4384-89CA-D4654601385A}.Release|Mixed Platforms.Build.0 = Release|Any CPU
		{F103BB27-2A67-4384-89CA-D4654601385A}.Release|x86.ActiveCfg = Release|Any CPU
	EndGlobalSection
	GlobalSection(SolutionProperties) = preSolution
		HideSolutionNode = FALSE
	EndGlobalSection
	GlobalSection(NestedProjects) = preSolution
		{AB646A3D-481D-4776-A0D2-EA9FAC30954B} = {6CAB9D69-9717-42E1-B7E6-A7EBE2F66D2C}
		{D6C351FB-B6C8-489B-A293-0AFA7974A0B7} = {C3FB8DCA-21EA-4ED0-91EC-035A75E6A6EB}
		{941D0CE6-D735-47AD-8521-7171BCB2833A} = {C3FB8DCA-21EA-4ED0-91EC-035A75E6A6EB}
		{EB209128-D5EE-4437-A54E-5B2E5C6BDAFC} = {C3FB8DCA-21EA-4ED0-91EC-035A75E6A6EB}
		{689CE7FE-36A7-4910-A646-C0033C78787E} = {C3FB8DCA-21EA-4ED0-91EC-035A75E6A6EB}
		{E1A4F08F-33A0-4CCB-8098-8C0E9856CF86} = {C3FB8DCA-21EA-4ED0-91EC-035A75E6A6EB}
		{75D2D0BA-49D3-4616-B21F-5A7CFA907125} = {D6C351FB-B6C8-489B-A293-0AFA7974A0B7}
		{F103BB27-2A67-4384-89CA-D4654601385A} = {D6C351FB-B6C8-489B-A293-0AFA7974A0B7}
	EndGlobalSection
EndGlobal
